
Microsoft Visual Studio Solution File, Format Version 12.00
Project("{FAE04EC0-301F-11D3-BF4B-00C04F79EFBC}") = "DirectoryAnalyzer", "DirectoryAnalyzer\DirectoryAnalyzer.csproj", "{07DE1A22-42F6-4E98-BE5A-FC93D90BBCC3}"
EndProject
Project("{FAE04EC0-301F-11D3-BF4B-00C04F79EFBC}") = "BracketsTests", "BracketsTests\BracketsTests.csproj", "{A7E53A90-0F3A-4263-B729-308605D380A4}"
EndProject
Global
	GlobalSection(SolutionConfigurationPlatforms) = preSolution
		Debug|Any CPU = Debug|Any CPU
		Release|Any CPU = Release|Any CPU
	EndGlobalSection
	GlobalSection(ProjectConfigurationPlatforms) = postSolution
		{07DE1A22-42F6-4E98-BE5A-FC93D90BBCC3}.Debug|Any CPU.ActiveCfg = Debug|Any CPU
		{07DE1A22-42F6-4E98-BE5A-FC93D90BBCC3}.Debug|Any CPU.Build.0 = Debug|Any CPU
		{07DE1A22-42F6-4E98-BE5A-FC93D90BBCC3}.Release|Any CPU.ActiveCfg = Release|Any CPU
		{07DE1A22-42F6-4E98-BE5A-FC93D90BBCC3}.Release|Any CPU.Build.0 = Release|Any CPU
		{A7E53A90-0F3A-4263-B729-308605D380A4}.Debug|Any CPU.ActiveCfg = Debug|Any CPU
		{A7E53A90-0F3A-4263-B729-308605D380A4}.Debug|Any CPU.Build.0 = Debug|Any CPU
		{A7E53A90-0F3A-4263-B729-308605D380A4}.Release|Any CPU.ActiveCfg = Release|Any CPU
		{A7E53A90-0F3A-4263-B729-308605D380A4}.Release|Any CPU.Build.0 = Release|Any CPU
	EndGlobalSection
EndGlobal
